
Microsoft Visual Studio Solution File, Format Version 12.00
# Visual Studio Version 16
VisualStudioVersion = 16.0.29709.97
MinimumVisualStudioVersion = 10.0.40219.1
Project("{FAE04EC0-301F-11D3-BF4B-00C04F79EFBC}") = "BinaryTree", "BinaryTree.csproj", "{9A299C56-E46A-49FE-97AA-485D30D1E18D}"
EndProject
Project("{FAE04EC0-301F-11D3-BF4B-00C04F79EFBC}") = "BinaryTreeTests", "BinaryTreeTests\BinaryTreeTests.csproj", "{1252E917-7CE4-41B3-8EFB-8663FFB643CD}"
EndProject
Global
	GlobalSection(SolutionConfigurationPlatforms) = preSolution
		Debug|Any CPU = Debug|Any CPU
		Release|Any CPU = Release|Any CPU
	EndGlobalSection
	GlobalSection(ProjectConfigurationPlatforms) = postSolution
		{9A299C56-E46A-49FE-97AA-485D30D1E18D}.Debug|Any CPU.ActiveCfg = Debug|Any CPU
		{9A299C56-E46A-49FE-97AA-485D30D1E18D}.Debug|Any CPU.Build.0 = Debug|Any CPU
		{9A299C56-E46A-49FE-97AA-485D30D1E18D}.Release|Any CPU.ActiveCfg = Release|Any CPU
		{9A299C56-E46A-49FE-97AA-485D30D1E18D}.Release|Any CPU.Build.0 = Release|Any CPU
		{1252E917-7CE4-41B3-8EFB-8663FFB643CD}.Debug|Any CPU.ActiveCfg = Debug|Any CPU
		{1252E917-7CE4-41B3-8EFB-8663FFB643CD}.Debug|Any CPU.Build.0 = Debug|Any CPU
		{1252E917-7CE4-41B3-8EFB-8663FFB643CD}.Release|Any CPU.ActiveCfg = Release|Any CPU
		{1252E917-7CE4-41B3-8EFB-8663FFB643CD}.Release|Any CPU.Build.0 = Release|Any CPU
	EndGlobalSection
	GlobalSection(SolutionProperties) = preSolution
		HideSolutionNode = FALSE
	EndGlobalSection
	GlobalSection(ExtensibilityGlobals) = postSolution
		SolutionGuid = {EA8A7FA2-A50A-4559-9C2A-4EF2F776B4EE}
	EndGlobalSection
EndGlobal
